
Microsoft Visual Studio Solution File, Format Version 12.00
# Visual Studio Version 17
VisualStudioVersion = 17.14.36401.2 d17.14
MinimumVisualStudioVersion = 10.0.40219.1
Project("{FAE04EC0-301F-11D3-BF4B-00C04F79EFBC}") = "Riff", "Riff\Riff.csproj", "{301A91D5-70DD-4B14-9D00-8FB9846245D6}"
EndProject
Global
	GlobalSection(SolutionConfigurationPlatforms) = preSolution
		Debug|Any CPU = Debug|Any CPU
		Release|Any CPU = Release|Any CPU
	EndGlobalSection
	GlobalSection(ProjectConfigurationPlatforms) = postSolution
		{301A91D5-70DD-4B14-9D00-8FB9846245D6}.Debug|Any CPU.ActiveCfg = Debug|Any CPU
		{301A91D5-70DD-4B14-9D00-8FB9846245D6}.Debug|Any CPU.Build.0 = Debug|Any CPU
		{301A91D5-70DD-4B14-9D00-8FB9846245D6}.Release|Any CPU.ActiveCfg = Release|Any CPU
		{301A91D5-70DD-4B14-9D00-8FB9846245D6}.Release|Any CPU.Build.0 = Release|Any CPU
	EndGlobalSection
	GlobalSection(SolutionProperties) = preSolution
		HideSolutionNode = FALSE
	EndGlobalSection
	GlobalSection(ExtensibilityGlobals) = postSolution
		SolutionGuid = {0AD768CB-D0A4-4FB2-AD21-3045FD81E388}
	EndGlobalSection
EndGlobal
